{
  "requires": true,
  "lockfileVersion": 1,
  "dependencies": {
    "electrum-client": {
      "version": "0.0.6",
      "resolved": "https://registry.npmjs.org/electrum-client/-/electrum-client-0.0.6.tgz",
      "integrity": "sha512-u6B63JbWuufkPr7/DVPfCtMbefeqU+R6oYlwUyiZ7cGMUgbjbJYBk8+wQnJm3K+uXOupoDeyOgVHoFjz5vMwrQ=="
    }
  }
}
